// !$*UTF8*$!
{
	archiveVersion = 1;
	classes = {
	};
	objectVersion = 46;
	objects = {

/* Begin PBXAggregateTarget section */
		5EAB0ECD1EA07CDE0032E4BF /* Framework */ = {
			isa = PBXAggregateTarget;
			buildConfigurationList = 5EAB0ECE1EA07CDE0032E4BF /* Build configuration list for PBXAggregateTarget "Framework" */;
			buildPhases = (
				5EAB0ED31EA07D580032E4BF /* Run Script-MultiPlatform Build */,
			);
			dependencies = (
				5EAB0F3D1EA0B7ED0032E4BF /* PBXTargetDependency */,
				5EAB0ED21EA07CFF0032E4BF /* PBXTargetDependency */,
			);
			name = Framework;
			productName = Framework;
		};
/* End PBXAggregateTarget section */

/* Begin PBXBuildFile section */
		5EAB0F781EA0BA8A0032E4BF /* RWRibbonView.h in Headers */ = {isa = PBXBuildFile; fileRef = 5EAB0F701EA0BA8A0032E4BF /* RWRibbonView.h */; settings = {ATTRIBUTES = (Public, ); }; };
		5EAB0F791EA0BA8A0032E4BF /* RWRibbonView.m in Sources */ = {isa = PBXBuildFile; fileRef = 5EAB0F711EA0BA8A0032E4BF /* RWRibbonView.m */; };
		5EAB0F7A1EA0BAD40032E4BF /* RWRibbon.png in Resources */ = {isa = PBXBuildFile; fileRef = 5EAB0F6E1EA0BA8A0032E4BF /* RWRibbon.png */; };
		5EAB0F7B1EA0BAD80032E4BF /* RWRibbon@2x.png in Resources */ = {isa = PBXBuildFile; fileRef = 5EAB0F6F1EA0BA8A0032E4BF /* RWRibbon@2x.png */; };
		5EB561221E9F8E14007A8BA8 /* RWUIControls.h in CopyFiles */ = {isa = PBXBuildFile; fileRef = 5EB5611F1E9F8E14007A8BA8 /* RWUIControls.h */; };
		5EB5612A1E9F8E8C007A8BA8 /* UIKit.framework in Frameworks */ = {isa = PBXBuildFile; fileRef = 5EB561291E9F8E8C007A8BA8 /* UIKit.framework */; };
		5EB5612C1E9F9014007A8BA8 /* RWUIControls.h in Headers */ = {isa = PBXBuildFile; fileRef = 5EB5611F1E9F8E14007A8BA8 /* RWUIControls.h */; settings = {ATTRIBUTES = (Public, ); }; };
		5EB561341E9F907C007A8BA8 /* RWKnobControl.h in Headers */ = {isa = PBXBuildFile; fileRef = 5EB5612E1E9F907C007A8BA8 /* RWKnobControl.h */; settings = {ATTRIBUTES = (Public, ); }; };
		5EB561361E9F907C007A8BA8 /* RWKnobRenderer.h in Headers */ = {isa = PBXBuildFile; fileRef = 5EB561301E9F907C007A8BA8 /* RWKnobRenderer.h */; };
		5EB561371E9F907C007A8BA8 /* RWKnobRenderer.m in Sources */ = {isa = PBXBuildFile; fileRef = 5EB561311E9F907C007A8BA8 /* RWKnobRenderer.m */; };
		5EB561381E9F907C007A8BA8 /* RWRotationGestureRecognizer.h in Headers */ = {isa = PBXBuildFile; fileRef = 5EB561321E9F907C007A8BA8 /* RWRotationGestureRecognizer.h */; };
		5EB561391E9F907C007A8BA8 /* RWRotationGestureRecognizer.m in Sources */ = {isa = PBXBuildFile; fileRef = 5EB561331E9F907C007A8BA8 /* RWRotationGestureRecognizer.m */; };
		5EB5613A1E9F90E2007A8BA8 /* RWKnobControl.m in Sources */ = {isa = PBXBuildFile; fileRef = 5EB5612F1E9F907C007A8BA8 /* RWKnobControl.m */; };
/* End PBXBuildFile section */

/* Begin PBXContainerItemProxy section */
		5EAB0ED11EA07CFF0032E4BF /* PBXContainerItemProxy */ = {
			isa = PBXContainerItemProxy;
			containerPortal = 5EB561141E9F8E14007A8BA8 /* Project object */;
			proxyType = 1;
			remoteGlobalIDString = 5EB5611B1E9F8E14007A8BA8;
			remoteInfo = RWUIControls;
		};
		5EAB0F3C1EA0B7ED0032E4BF /* PBXContainerItemProxy */ = {
			isa = PBXContainerItemProxy;
			containerPortal = 5EB561141E9F8E14007A8BA8 /* Project object */;
			proxyType = 1;
			remoteGlobalIDString = 5EAB0F351EA0B6CC0032E4BF;
			remoteInfo = RWUIControlsResources;
		};
/* End PBXContainerItemProxy section */

/* Begin PBXCopyFilesBuildPhase section */
		5EB5611A1E9F8E14007A8BA8 /* CopyFiles */ = {
			isa = PBXCopyFilesBuildPhase;
			buildActionMask = 2147483647;
			dstPath = "include/$(PRODUCT_NAME)";
			dstSubfolderSpec = 16;
			files = (
				5EB561221E9F8E14007A8BA8 /* RWUIControls.h in CopyFiles */,
			);
			runOnlyForDeploymentPostprocessing = 0;
		};
/* End PBXCopyFilesBuildPhase section */

/* Begin PBXFileReference section */
		5EAB0F361EA0B6CC0032E4BF /* RWUIControls.bundle */ = {isa = PBXFileReference; explicitFileType = wrapper.cfbundle; includeInIndex = 0; path = RWUIControls.bundle; sourceTree = BUILT_PRODUCTS_DIR; };
		5EAB0F381EA0B6CC0032E4BF /* Info.plist */ = {isa = PBXFileReference; lastKnownFileType = text.plist.xml; path = Info.plist; sourceTree = "<group>"; };
		5EAB0F6E1EA0BA8A0032E4BF /* RWRibbon.png */ = {isa = PBXFileReference; lastKnownFileType = image.png; path = RWRibbon.png; sourceTree = "<group>"; };
		5EAB0F6F1EA0BA8A0032E4BF /* RWRibbon@2x.png */ = {isa = PBXFileReference; lastKnownFileType = image.png; path = "RWRibbon@2x.png"; sourceTree = "<group>"; };
		5EAB0F701EA0BA8A0032E4BF /* RWRibbonView.h */ = {isa = PBXFileReference; fileEncoding = 4; lastKnownFileType = sourcecode.c.h; path = RWRibbonView.h; sourceTree = "<group>"; };
		5EAB0F711EA0BA8A0032E4BF /* RWRibbonView.m */ = {isa = PBXFileReference; fileEncoding = 4; lastKnownFileType = sourcecode.c.objc; path = RWRibbonView.m; sourceTree = "<group>"; };
		5EB5611C1E9F8E14007A8BA8 /* libRWUIControls.a */ = {isa = PBXFileReference; explicitFileType = archive.ar; includeInIndex = 0; path = libRWUIControls.a; sourceTree = BUILT_PRODUCTS_DIR; };
		5EB5611F1E9F8E14007A8BA8 /* RWUIControls.h */ = {isa = PBXFileReference; lastKnownFileType = sourcecode.c.h; path = RWUIControls.h; sourceTree = "<group>"; };
		5EB561291E9F8E8C007A8BA8 /* UIKit.framework */ = {isa = PBXFileReference; lastKnownFileType = wrapper.framework; name = UIKit.framework; path = System/Library/Frameworks/UIKit.framework; sourceTree = SDKROOT; };
		5EB5612E1E9F907C007A8BA8 /* RWKnobControl.h */ = {isa = PBXFileReference; fileEncoding = 4; lastKnownFileType = sourcecode.c.h; path = RWKnobControl.h; sourceTree = "<group>"; };
		5EB5612F1E9F907C007A8BA8 /* RWKnobControl.m */ = {isa = PBXFileReference; fileEncoding = 4; lastKnownFileType = sourcecode.c.objc; path = RWKnobControl.m; sourceTree = "<group>"; };
		5EB561301E9F907C007A8BA8 /* RWKnobRenderer.h */ = {isa = PBXFileReference; fileEncoding = 4; lastKnownFileType = sourcecode.c.h; path = RWKnobRenderer.h; sourceTree = "<group>"; };
		5EB561311E9F907C007A8BA8 /* RWKnobRenderer.m */ = {isa = PBXFileReference; fileEncoding = 4; lastKnownFileType = sourcecode.c.objc; path = RWKnobRenderer.m; sourceTree = "<group>"; };
		5EB561321E9F907C007A8BA8 /* RWRotationGestureRecognizer.h */ = {isa = PBXFileReference; fileEncoding = 4; lastKnownFileType = sourcecode.c.h; path = RWRotationGestureRecognizer.h; sourceTree = "<group>"; };
		5EB561331E9F907C007A8BA8 /* RWRotationGestureRecognizer.m */ = {isa = PBXFileReference; fileEncoding = 4; lastKnownFileType = sourcecode.c.objc; path = RWRotationGestureRecognizer.m; sourceTree = "<group>"; };
		5EBBEB271EA0D56800DEF84A /* BuildFramework.sh */ = {isa = PBXFileReference; fileEncoding = 4; lastKnownFileType = text.script.sh; name = BuildFramework.sh; path = scripts/BuildFramework.sh; sourceTree = "<group>"; };
		5EBBEB281EA0D56800DEF84A /* BuildMultiPlatform.sh */ = {isa = PBXFileReference; fileEncoding = 4; lastKnownFileType = text.script.sh; name = BuildMultiPlatform.sh; path = scripts/BuildMultiPlatform.sh; sourceTree = "<group>"; };
/* End PBXFileReference section */

/* Begin PBXFrameworksBuildPhase section */
		5EAB0F331EA0B6CC0032E4BF /* Frameworks */ = {
			isa = PBXFrameworksBuildPhase;
			buildActionMask = 2147483647;
			files = (
			);
			runOnlyForDeploymentPostprocessing = 0;
		};
		5EB561191E9F8E14007A8BA8 /* Frameworks */ = {
			isa = PBXFrameworksBuildPhase;
			buildActionMask = 2147483647;
			files = (
				5EB5612A1E9F8E8C007A8BA8 /* UIKit.framework in Frameworks */,
			);
			runOnlyForDeploymentPostprocessing = 0;
		};
/* End PBXFrameworksBuildPhase section */

/* Begin PBXGroup section */
		5EAB0F371EA0B6CC0032E4BF /* RWUIControlsResources */ = {
			isa = PBXGroup;
			children = (
				5EAB0F381EA0B6CC0032E4BF /* Info.plist */,
			);
			path = RWUIControlsResources;
			sourceTree = "<group>";
		};
		5EAB0F661EA0BA8A0032E4BF /* RWRibbon */ = {
			isa = PBXGroup;
			children = (
				5EAB0F6E1EA0BA8A0032E4BF /* RWRibbon.png */,
				5EAB0F6F1EA0BA8A0032E4BF /* RWRibbon@2x.png */,
				5EAB0F701EA0BA8A0032E4BF /* RWRibbonView.h */,
				5EAB0F711EA0BA8A0032E4BF /* RWRibbonView.m */,
			);
			path = RWRibbon;
			sourceTree = "<group>";
		};
		5EB561131E9F8E14007A8BA8 = {
			isa = PBXGroup;
			children = (
				5EB5611E1E9F8E14007A8BA8 /* RWUIControls */,
				5EAB0F371EA0B6CC0032E4BF /* RWUIControlsResources */,
				5EB5611D1E9F8E14007A8BA8 /* Products */,
				5EB561281E9F8E8C007A8BA8 /* Frameworks */,
			);
			sourceTree = "<group>";
		};
		5EB5611D1E9F8E14007A8BA8 /* Products */ = {
			isa = PBXGroup;
			children = (
				5EB5611C1E9F8E14007A8BA8 /* libRWUIControls.a */,
				5EAB0F361EA0B6CC0032E4BF /* RWUIControls.bundle */,
			);
			name = Products;
			sourceTree = "<group>";
		};
		5EB5611E1E9F8E14007A8BA8 /* RWUIControls */ = {
			isa = PBXGroup;
			children = (
				5EBBEB231EA0D29400DEF84A /* scripts */,
				5EAB0F661EA0BA8A0032E4BF /* RWRibbon */,
				5EB5612D1E9F907C007A8BA8 /* RWKnobControl */,
				5EB5611F1E9F8E14007A8BA8 /* RWUIControls.h */,
			);
			path = RWUIControls;
			sourceTree = "<group>";
		};
		5EB561281E9F8E8C007A8BA8 /* Frameworks */ = {
			isa = PBXGroup;
			children = (
				5EB561291E9F8E8C007A8BA8 /* UIKit.framework */,
			);
			name = Frameworks;
			sourceTree = "<group>";
		};
		5EB5612D1E9F907C007A8BA8 /* RWKnobControl */ = {
			isa = PBXGroup;
			children = (
				5EB5612E1E9F907C007A8BA8 /* RWKnobControl.h */,
				5EB5612F1E9F907C007A8BA8 /* RWKnobControl.m */,
				5EB561301E9F907C007A8BA8 /* RWKnobRenderer.h */,
				5EB561311E9F907C007A8BA8 /* RWKnobRenderer.m */,
				5EB561321E9F907C007A8BA8 /* RWRotationGestureRecognizer.h */,
				5EB561331E9F907C007A8BA8 /* RWRotationGestureRecognizer.m */,
			);
			path = RWKnobControl;
			sourceTree = "<group>";
		};
		5EBBEB231EA0D29400DEF84A /* scripts */ = {
			isa = PBXGroup;
			children = (
				5EBBEB271EA0D56800DEF84A /* BuildFramework.sh */,
				5EBBEB281EA0D56800DEF84A /* BuildMultiPlatform.sh */,
			);
			name = scripts;
			path = ..;
			sourceTree = "<group>";
		};
/* End PBXGroup section */

/* Begin PBXHeadersBuildPhase section */
		5EB5612B1E9F8FF3007A8BA8 /* Headers */ = {
			isa = PBXHeadersBuildPhase;
			buildActionMask = 2147483647;
			files = (
				5EB5612C1E9F9014007A8BA8 /* RWUIControls.h in Headers */,
				5EB561341E9F907C007A8BA8 /* RWKnobControl.h in Headers */,
				5EB561361E9F907C007A8BA8 /* RWKnobRenderer.h in Headers */,
				5EB561381E9F907C007A8BA8 /* RWRotationGestureRecognizer.h in Headers */,
				5EAB0F781EA0BA8A0032E4BF /* RWRibbonView.h in Headers */,
			);
			runOnlyForDeploymentPostprocessing = 0;
		};
/* End PBXHeadersBuildPhase section */

/* Begin PBXNativeTarget section */
		5EAB0F351EA0B6CC0032E4BF /* RWUIControlsResources */ = {
			isa = PBXNativeTarget;
			buildConfigurationList = 5EAB0F391EA0B6CC0032E4BF /* Build configuration list for PBXNativeTarget "RWUIControlsResources" */;
			buildPhases = (
				5EAB0F321EA0B6CC0032E4BF /* Sources */,
				5EAB0F331EA0B6CC0032E4BF /* Frameworks */,
				5EAB0F341EA0B6CC0032E4BF /* Resources */,
			);
			buildRules = (
			);
			dependencies = (
			);
			name = RWUIControlsResources;
			productName = RWUIControlsResources;
			productReference = 5EAB0F361EA0B6CC0032E4BF /* RWUIControls.bundle */;
			productType = "com.apple.product-type.bundle";
		};
		5EB5611B1E9F8E14007A8BA8 /* RWUIControls */ = {
			isa = PBXNativeTarget;
			buildConfigurationList = 5EB561251E9F8E14007A8BA8 /* Build configuration list for PBXNativeTarget "RWUIControls" */;
			buildPhases = (
				5EB561181E9F8E14007A8BA8 /* Sources */,
				5EB561191E9F8E14007A8BA8 /* Frameworks */,
				5EB5611A1E9F8E14007A8BA8 /* CopyFiles */,
				5EB5612B1E9F8FF3007A8BA8 /* Headers */,
				5EAB0ECC1EA07A680032E4BF /* Run Script-Build Framework */,
			);
			buildRules = (
			);
			dependencies = (
			);
			name = RWUIControls;
			productName = RWUIControls;
			productReference = 5EB5611C1E9F8E14007A8BA8 /* libRWUIControls.a */;
			productType = "com.apple.product-type.library.static";
		};
/* End PBXNativeTarget section */

/* Begin PBXProject section */
		5EB561141E9F8E14007A8BA8 /* Project object */ = {
			isa = PBXProject;
			attributes = {
				LastUpgradeCheck = 0830;
				ORGANIZATIONNAME = gongpibao;
				TargetAttributes = {
					5EAB0ECD1EA07CDE0032E4BF = {
						CreatedOnToolsVersion = 8.3.1;
						DevelopmentTeam = 4755RUE43M;
						ProvisioningStyle = Automatic;
					};
					5EAB0F351EA0B6CC0032E4BF = {
						CreatedOnToolsVersion = 8.3.1;
						DevelopmentTeam = 4755RUE43M;
						ProvisioningStyle = Automatic;
					};
					5EB5611B1E9F8E14007A8BA8 = {
						CreatedOnToolsVersion = 8.3.1;
						DevelopmentTeam = 4755RUE43M;
						ProvisioningStyle = Automatic;
					};
				};
			};
			buildConfigurationList = 5EB561171E9F8E14007A8BA8 /* Build configuration list for PBXProject "RWUIControls" */;
			compatibilityVersion = "Xcode 3.2";
			developmentRegion = English;
			hasScannedForEncodings = 0;
			knownRegions = (
				en,
			);
			mainGroup = 5EB561131E9F8E14007A8BA8;
			productRefGroup = 5EB5611D1E9F8E14007A8BA8 /* Products */;
			projectDirPath = "";
			projectRoot = "";
			targets = (
				5EB5611B1E9F8E14007A8BA8 /* RWUIControls */,
				5EAB0ECD1EA07CDE0032E4BF /* Framework */,
				5EAB0F351EA0B6CC0032E4BF /* RWUIControlsResources */,
			);
		};
/* End PBXProject section */

/* Begin PBXResourcesBuildPhase section */
		5EAB0F341EA0B6CC0032E4BF /* Resources */ = {
			isa = PBXResourcesBuildPhase;
			buildActionMask = 2147483647;
			files = (
				5EAB0F7A1EA0BAD40032E4BF /* RWRibbon.png in Resources */,
				5EAB0F7B1EA0BAD80032E4BF /* RWRibbon@2x.png in Resources */,
			);
			runOnlyForDeploymentPostprocessing = 0;
		};
/* End PBXResourcesBuildPhase section */

/* Begin PBXShellScriptBuildPhase section */
		5EAB0ECC1EA07A680032E4BF /* Run Script-Build Framework */ = {
			isa = PBXShellScriptBuildPhase;
			buildActionMask = 2147483647;
			files = (
			);
			inputPaths = (
			);
			name = "Run Script-Build Framework";
			outputPaths = (
			);
			runOnlyForDeploymentPostprocessing = 0;
			shellPath = /bin/sh;
			shellScript = "\"$SRCROOT/scripts/BuildFramework.sh\"";
		};
		5EAB0ED31EA07D580032E4BF /* Run Script-MultiPlatform Build */ = {
			isa = PBXShellScriptBuildPhase;
			buildActionMask = 2147483647;
			files = (
			);
			inputPaths = (
			);
			name = "Run Script-MultiPlatform Build";
			outputPaths = (
			);
			runOnlyForDeploymentPostprocessing = 0;
			shellPath = /bin/sh;
			shellScript = "\"$SRCROOT/scripts/BuildMultiPlatform.sh\"";
			showEnvVarsInLog = 0;
		};
/* End PBXShellScriptBuildPhase section */

/* Begin PBXSourcesBuildPhase section */
		5EAB0F321EA0B6CC0032E4BF /* Sources */ = {
			isa = PBXSourcesBuildPhase;
			buildActionMask = 2147483647;
			files = (
			);
			runOnlyForDeploymentPostprocessing = 0;
		};
		5EB561181E9F8E14007A8BA8 /* Sources */ = {
			isa = PBXSourcesBuildPhase;
			buildActionMask = 2147483647;
			files = (
				5EB5613A1E9F90E2007A8BA8 /* RWKnobControl.m in Sources */,
				5EB561391E9F907C007A8BA8 /* RWRotationGestureRecognizer.m in Sources */,
				5EAB0F791EA0BA8A0032E4BF /* RWRibbonView.m in Sources */,
				5EB561371E9F907C007A8BA8 /* RWKnobRenderer.m in Sources */,
			);
			runOnlyForDeploymentPostprocessing = 0;
		};
/* End PBXSourcesBuildPhase section */

/* Begin PBXTargetDependency section */
		5EAB0ED21EA07CFF0032E4BF /* PBXTargetDependency */ = {
			isa = PBXTargetDependency;
			target = 5EB5611B1E9F8E14007A8BA8 /* RWUIControls */;
			targetProxy = 5EAB0ED11EA07CFF0032E4BF /* PBXContainerItemProxy */;
		};
		5EAB0F3D1EA0B7ED0032E4BF /* PBXTargetDependency */ = {
			isa = PBXTargetDependency;
			target = 5EAB0F351EA0B6CC0032E4BF /* RWUIControlsResources */;
			targetProxy = 5EAB0F3C1EA0B7ED0032E4BF /* PBXContainerItemProxy */;
		};
/* End PBXTargetDependency section */

/* Begin XCBuildConfiguration section */
		5EAB0ECF1EA07CDE0032E4BF /* Debug */ = {
			isa = XCBuildConfiguration;
			buildSettings = {
				DEVELOPMENT_TEAM = 4755RUE43M;
				PRODUCT_NAME = "$(TARGET_NAME)";
			};
			name = Debug;
		};
		5EAB0ED01EA07CDE0032E4BF /* Release */ = {
			isa = XCBuildConfiguration;
			buildSettings = {
				DEVELOPMENT_TEAM = 4755RUE43M;
				PRODUCT_NAME = "$(TARGET_NAME)";
			};
			name = Release;
		};
		5EAB0F3A1EA0B6CC0032E4BF /* Debug */ = {
			isa = XCBuildConfiguration;
			buildSettings = {
				CODE_SIGN_IDENTITY = "-";
				COMBINE_HIDPI_IMAGES = NO;
				DEVELOPMENT_TEAM = 4755RUE43M;
				INFOPLIST_FILE = RWUIControlsResources/Info.plist;
				INSTALL_PATH = "$(LOCAL_LIBRARY_DIR)/Bundles";
				IPHONEOS_DEPLOYMENT_TARGET = 8.0;
				MACOSX_DEPLOYMENT_TARGET = 10.12;
				PRODUCT_BUNDLE_IDENTIFIER = youku.RWUIControlsResources;
				PRODUCT_NAME = "$(PROJECT_NAME)";
				SKIP_INSTALL = YES;
				WRAPPER_EXTENSION = bundle;
			};
			name = Debug;
		};
		5EAB0F3B1EA0B6CC0032E4BF /* Release */ = {
			isa = XCBuildConfiguration;
			buildSettings = {
				CODE_SIGN_IDENTITY = "-";
				COMBINE_HIDPI_IMAGES = NO;
				DEVELOPMENT_TEAM = 4755RUE43M;
				INFOPLIST_FILE = RWUIControlsResources/Info.plist;
				INSTALL_PATH = "$(LOCAL_LIBRARY_DIR)/Bundles";
				IPHONEOS_DEPLOYMENT_TARGET = 8.0;
				MACOSX_DEPLOYMENT_TARGET = 10.12;
				PRODUCT_BUNDLE_IDENTIFIER = youku.RWUIControlsResources;
				PRODUCT_NAME = "$(PROJECT_NAME)";
				SKIP_INSTALL = YES;
				WRAPPER_EXTENSION = bundle;
			};
			name = Release;
		};
		5EB561231E9F8E14007A8BA8 /* Debug */ = {
			isa = XCBuildConfiguration;
			buildSettings = {
				ALWAYS_SEARCH_USER_PATHS = NO;
				CLANG_ANALYZER_NONNULL = YES;
				CLANG_ANALYZER_NUMBER_OBJECT_CONVERSION = YES_AGGRESSIVE;
				CLANG_CXX_LANGUAGE_STANDARD = "gnu++0x";
				CLANG_CXX_LIBRARY = "libc++";
				CLANG_ENABLE_MODULES = YES;
				CLANG_ENABLE_OBJC_ARC = YES;
				CLANG_WARN_BOOL_CONVERSION = YES;
				CLANG_WARN_CONSTANT_CONVERSION = YES;
				CLANG_WARN_DIRECT_OBJC_ISA_USAGE = YES_ERROR;
				CLANG_WARN_DOCUMENTATION_COMMENTS = YES;
				CLANG_WARN_EMPTY_BODY = YES;
				CLANG_WARN_ENUM_CONVERSION = YES;
				CLANG_WARN_INFINITE_RECURSION = YES;
				CLANG_WARN_INT_CONVERSION = YES;
				CLANG_WARN_OBJC_ROOT_CLASS = YES_ERROR;
				CLANG_WARN_SUSPICIOUS_MOVE = YES;
				CLANG_WARN_UNREACHABLE_CODE = YES;
				CLANG_WARN__DUPLICATE_METHOD_MATCH = YES;
				"CODE_SIGN_IDENTITY[sdk=iphoneos*]" = "iPhone Developer";
				COPY_PHASE_STRIP = NO;
				DEAD_CODE_STRIPPING = NO;
				DEBUG_INFORMATION_FORMAT = dwarf;
				ENABLE_STRICT_OBJC_MSGSEND = YES;
				ENABLE_TESTABILITY = YES;
				GCC_C_LANGUAGE_STANDARD = gnu99;
				GCC_DYNAMIC_NO_PIC = NO;
				GCC_NO_COMMON_BLOCKS = YES;
				GCC_OPTIMIZATION_LEVEL = 0;
				GCC_PREPROCESSOR_DEFINITIONS = (
					"DEBUG=1",
					"$(inherited)",
				);
				GCC_WARN_64_TO_32_BIT_CONVERSION = YES;
				GCC_WARN_ABOUT_RETURN_TYPE = YES_ERROR;
				GCC_WARN_UNDECLARED_SELECTOR = YES;
				GCC_WARN_UNINITIALIZED_AUTOS = YES_AGGRESSIVE;
				GCC_WARN_UNUSED_FUNCTION = YES;
				GCC_WARN_UNUSED_VARIABLE = YES;
				IPHONEOS_DEPLOYMENT_TARGET = 10.3;
				MTL_ENABLE_DEBUG_INFO = YES;
				ONLY_ACTIVE_ARCH = YES;
				SDKROOT = iphoneos;
				STRIP_STYLE = "non-global";
			};
			name = Debug;
		};
		5EB561241E9F8E14007A8BA8 /* Release */ = {
			isa = XCBuildConfiguration;
			buildSettings = {
				ALWAYS_SEARCH_USER_PATHS = NO;
				CLANG_ANALYZER_NONNULL = YES;
				CLANG_ANALYZER_NUMBER_OBJECT_CONVERSION = YES_AGGRESSIVE;
				CLANG_CXX_LANGUAGE_STANDARD = "gnu++0x";
				CLANG_CXX_LIBRARY = "libc++";
				CLANG_ENABLE_MODULES = YES;
				CLANG_ENABLE_OBJC_ARC = YES;
				CLANG_WARN_BOOL_CONVERSION = YES;
				CLANG_WARN_CONSTANT_CONVERSION = YES;
				CLANG_WARN_DIRECT_OBJC_ISA_USAGE = YES_ERROR;
				CLANG_WARN_DOCUMENTATION_COMMENTS = YES;
				CLANG_WARN_EMPTY_BODY = YES;
				CLANG_WARN_ENUM_CONVERSION = YES;
				CLANG_WARN_INFINITE_RECURSION = YES;
				CLANG_WARN_INT_CONVERSION = YES;
				CLANG_WARN_OBJC_ROOT_CLASS = YES_ERROR;
				CLANG_WARN_SUSPICIOUS_MOVE = YES;
				CLANG_WARN_UNREACHABLE_CODE = YES;
				CLANG_WARN__DUPLICATE_METHOD_MATCH = YES;
				"CODE_SIGN_IDENTITY[sdk=iphoneos*]" = "iPhone Developer";
				COPY_PHASE_STRIP = NO;
				DEAD_CODE_STRIPPING = NO;
				DEBUG_INFORMATION_FORMAT = "dwarf-with-dsym";
				ENABLE_NS_ASSERTIONS = NO;
				ENABLE_STRICT_OBJC_MSGSEND = YES;
				GCC_C_LANGUAGE_STANDARD = gnu99;
				GCC_NO_COMMON_BLOCKS = YES;
				GCC_WARN_64_TO_32_BIT_CONVERSION = YES;
				GCC_WARN_ABOUT_RETURN_TYPE = YES_ERROR;
				GCC_WARN_UNDECLARED_SELECTOR = YES;
				GCC_WARN_UNINITIALIZED_AUTOS = YES_AGGRESSIVE;
				GCC_WARN_UNUSED_FUNCTION = YES;
				GCC_WARN_UNUSED_VARIABLE = YES;
				IPHONEOS_DEPLOYMENT_TARGET = 10.3;
				MTL_ENABLE_DEBUG_INFO = NO;
				SDKROOT = iphoneos;
				STRIP_STYLE = "non-global";
				VALIDATE_PRODUCT = YES;
			};
			name = Release;
		};
		5EB561261E9F8E14007A8BA8 /* Debug */ = {
			isa = XCBuildConfiguration;
			buildSettings = {
				DEAD_CODE_STRIPPING = NO;
				DEVELOPMENT_TEAM = 4755RUE43M;
				OTHER_LDFLAGS = "-ObjC";
				PRODUCT_NAME = "$(TARGET_NAME)";
				PUBLIC_HEADERS_FOLDER_PATH = "include/${PROJECT_NAME}";
				SKIP_INSTALL = YES;
				STRIP_STYLE = "non-global";
			};
			name = Debug;
		};
		5EB561271E9F8E14007A8BA8 /* Release */ = {
			isa = XCBuildConfiguration;
			buildSettings = {
				DEAD_CODE_STRIPPING = NO;
				DEVELOPMENT_TEAM = 4755RUE43M;
				OTHER_LDFLAGS = "-ObjC";
				PRODUCT_NAME = "$(TARGET_NAME)";
				PUBLIC_HEADERS_FOLDER_PATH = "include/${PROJECT_NAME}";
				SKIP_INSTALL = YES;
				STRIP_STYLE = "non-global";
			};
			name = Release;
		};
/* End XCBuildConfiguration section */

/* Begin XCConfigurationList section */
		5EAB0ECE1EA07CDE0032E4BF /* Build configuration list for PBXAggregateTarget "Framework" */ = {
			isa = XCConfigurationList;
			buildConfigurations = (
				5EAB0ECF1EA07CDE0032E4BF /* Debug */,
				5EAB0ED01EA07CDE0032E4BF /* Release */,
			);
			defaultConfigurationIsVisible = 0;
			defaultConfigurationName = Release;
		};
		5EAB0F391EA0B6CC0032E4BF /* Build configuration list for PBXNativeTarget "RWUIControlsResources" */ = {
			isa = XCConfigurationList;
			buildConfigurations = (
				5EAB0F3A1EA0B6CC0032E4BF /* Debug */,
				5EAB0F3B1EA0B6CC0032E4BF /* Release */,
			);
			defaultConfigurationIsVisible = 0;
			defaultConfigurationName = Release;
		};
		5EB561171E9F8E14007A8BA8 /* Build configuration list for PBXProject "RWUIControls" */ = {
			isa = XCConfigurationList;
			buildConfigurations = (
				5EB561231E9F8E14007A8BA8 /* Debug */,
				5EB561241E9F8E14007A8BA8 /* Release */,
			);
			defaultConfigurationIsVisible = 0;
			defaultConfigurationName = Release;
		};
		5EB561251E9F8E14007A8BA8 /* Build configuration list for PBXNativeTarget "RWUIControls" */ = {
			isa = XCConfigurationList;
			buildConfigurations = (
				5EB561261E9F8E14007A8BA8 /* Debug */,
				5EB561271E9F8E14007A8BA8 /* Release */,
			);
			defaultConfigurationIsVisible = 0;
			defaultConfigurationName = Release;
		};
/* End XCConfigurationList section */
	};
	rootObject = 5EB561141E9F8E14007A8BA8 /* Project object */;
}
